
Microsoft Visual Studio Solution File, Format Version 12.00
# Visual Studio Version 17
VisualStudioVersion = 17.7.34024.191
MinimumVisualStudioVersion = 10.0.40219.1
Project("{FAE04EC0-301F-11D3-BF4B-00C04F79EFBC}") = "Director", "Director.csproj", "{73747E06-DB28-43C2-BE17-BBB6A03629D6}"
EndProject
Global
	GlobalSection(SolutionConfigurationPlatforms) = preSolution
		Debug|Any CPU = Debug|Any CPU
		Release|Any CPU = Release|Any CPU
	EndGlobalSection
	GlobalSection(ProjectConfigurationPlatforms) = postSolution
		{73747E06-DB28-43C2-BE17-BBB6A03629D6}.Debug|Any CPU.ActiveCfg = Debug|Any CPU
		{73747E06-DB28-43C2-BE17-BBB6A03629D6}.Debug|Any CPU.Build.0 = Debug|Any CPU
		{73747E06-DB28-43C2-BE17-BBB6A03629D6}.Release|Any CPU.ActiveCfg = Release|Any CPU
		{73747E06-DB28-43C2-BE17-BBB6A03629D6}.Release|Any CPU.Build.0 = Release|Any CPU
	EndGlobalSection
	GlobalSection(SolutionProperties) = preSolution
		HideSolutionNode = FALSE
	EndGlobalSection
	GlobalSection(ExtensibilityGlobals) = postSolution
		SolutionGuid = {ACF0D977-0C86-4FC9-9761-F4C70A58754F}
	EndGlobalSection
EndGlobal
